{
    "_meta": {
        "hash": {
            "sha256": "3d5a715b4e20e429a913a534afae4c661db9b4d47646cace33dddc8f802fd2cb"
        },
        "pipfile-spec": 6,
        "requires": {
            "python_version": "3.6"
        },
        "sources": [
            {
                "name": "pypi",
                "url": "https://pypi.org/simple",
                "verify_ssl": true
            }
        ]
    },
    "default": {
        "aniso8601": {
            "hashes": [
                "sha256:513d2b6637b7853806ae79ffaca6f3e8754bdd547048f5ccc1420aec4b714f1e",
                "sha256:d10a4bf949f619f719b227ef5386e31f49a2b6d453004b21f02661ccc8670c7b"
            ],
            "version": "==7.0.0"
        },
        "asgiref": {
            "hashes": [
                "sha256:4ef1ab46b484e3c706329cedeff284a5d40824200638503f5768edb6de7d58e9",
                "sha256:ffc141aa908e6f175673e7b1b3b7af4fdb0ecb738fc5c8b88f69f055c2415214"
            ],
            "markers": "python_version >= '3.6'",
            "version": "==3.4.1"
        },
        "beautifulsoup4": {
            "hashes": [
                "sha256:9a315ce70049920ea4572a4055bc4bd700c940521d36fc858205ad4fcde149bf",
                "sha256:c23ad23c521d818955a4151a67d81580319d4bf548d3d49f4223ae041ff98891"
            ],
            "markers": "python_version >= '3.1'",
            "version": "==4.10.0"
        },
        "certifi": {
            "hashes": [
                "sha256:78884e7c1d4b00ce3cea67b44566851c4343c120abd683433ce934a68ea58872",
                "sha256:d62a0163eb4c2344ac042ab2bdf75399a71a2d8c7d47eac2e2ee91b9d6339569"
            ],
            "version": "==2021.10.8"
        },
        "cffi": {
            "hashes": [
                "sha256:00c878c90cb53ccfaae6b8bc18ad05d2036553e6d9d1d9dbcf323bbe83854ca3",
                "sha256:0104fb5ae2391d46a4cb082abdd5c69ea4eab79d8d44eaaf79f1b1fd806ee4c2",
                "sha256:06c48159c1abed75c2e721b1715c379fa3200c7784271b3c46df01383b593636",
                "sha256:0808014eb713677ec1292301ea4c81ad277b6cdf2fdd90fd540af98c0b101d20",
                "sha256:10dffb601ccfb65262a27233ac273d552ddc4d8ae1bf93b21c94b8511bffe728",
                "sha256:14cd121ea63ecdae71efa69c15c5543a4b5fbcd0bbe2aad864baca0063cecf27",
                "sha256:17771976e82e9f94976180f76468546834d22a7cc404b17c22df2a2c81db0c66",
                "sha256:181dee03b1170ff1969489acf1c26533710231c58f95534e3edac87fff06c443",
                "sha256:23cfe892bd5dd8941608f93348c0737e369e51c100d03718f108bf1add7bd6d0",
                "sha256:263cc3d821c4ab2213cbe8cd8b355a7f72a8324577dc865ef98487c1aeee2bc7",
                "sha256:2756c88cbb94231c7a147402476be2c4df2f6078099a6f4a480d239a8817ae39",
                "sha256:27c219baf94952ae9d50ec19651a687b826792055353d07648a5695413e0c605",
                "sha256:2a23af14f408d53d5e6cd4e3d9a24ff9e05906ad574822a10563efcef137979a",
                "sha256:31fb708d9d7c3f49a60f04cf5b119aeefe5644daba1cd2a0fe389b674fd1de37",
                "sha256:3415c89f9204ee60cd09b235810be700e993e343a408693e80ce7f6a40108029",
                "sha256:3773c4d81e6e818df2efbc7dd77325ca0dcb688116050fb2b3011218eda36139",
                "sha256:3b96a311ac60a3f6be21d2572e46ce67f09abcf4d09344c49274eb9e0bf345fc",
                "sha256:3f7d084648d77af029acb79a0ff49a0ad7e9d09057a9bf46596dac9514dc07df",
                "sha256:41d45de54cd277a7878919867c0f08b0cf817605e4eb94093e7516505d3c8d14",
                "sha256:4238e6dab5d6a8ba812de994bbb0a79bddbdf80994e4ce802b6f6f3142fcc880",
                "sha256:45db3a33139e9c8f7c09234b5784a5e33d31fd6907800b316decad50af323ff2",
                "sha256:45e8636704eacc432a206ac7345a5d3d2c62d95a507ec70d62f23cd91770482a",
                "sha256:4958391dbd6249d7ad855b9ca88fae690783a6be9e86df65865058ed81fc860e",
                "sha256:4a306fa632e8f0928956a41fa8e1d6243c71e7eb59ffbd165fc0b41e316b2474",
                "sha256:57e9ac9ccc3101fac9d6014fba037473e4358ef4e89f8e181f8951a2c0162024",
                "sha256:59888172256cac5629e60e72e86598027aca6bf01fa2465bdb676d37636573e8",
                "sha256:5e069f72d497312b24fcc02073d70cb989045d1c91cbd53979366077959933e0",
                "sha256:64d4ec9f448dfe041705426000cc13e34e6e5bb13736e9fd62e34a0b0c41566e",
                "sha256:6dc2737a3674b3e344847c8686cf29e500584ccad76204efea14f451d4cc669a",
                "sha256:74fdfdbfdc48d3f47148976f49fab3251e550a8720bebc99bf1483f5bfb5db3e",
                "sha256:75e4024375654472cc27e91cbe9eaa08567f7fbdf822638be2814ce059f58032",
                "sha256:786902fb9ba7433aae840e0ed609f45c7bcd4e225ebb9c753aa39725bb3e6ad6",
                "sha256:8b6c2ea03845c9f501ed1313e78de148cd3f6cad741a75d43a29b43da27f2e1e",
                "sha256:91d77d2a782be4274da750752bb1650a97bfd8f291022b379bb8e01c66b4e96b",
                "sha256:91ec59c33514b7c7559a6acda53bbfe1b283949c34fe7440bcf917f96ac0723e",
                "sha256:920f0d66a896c2d99f0adbb391f990a84091179542c205fa53ce5787aff87954",
                "sha256:a5263e363c27b653a90078143adb3d076c1a748ec9ecc78ea2fb916f9b861962",
                "sha256:abb9a20a72ac4e0fdb50dae135ba5e77880518e742077ced47eb1499e29a443c",
                "sha256:c2051981a968d7de9dd2d7b87bcb9c939c74a34626a6e2f8181455dd49ed69e4",
                "sha256:c21c9e3896c23007803a875460fb786118f0cdd4434359577ea25eb556e34c55",
                "sha256:c2502a1a03b6312837279c8c1bd3ebedf6c12c4228ddbad40912d671ccc8a962",
                "sha256:d4d692a89c5cf08a8557fdeb329b82e7bf609aadfaed6c0d79f5a449a3c7c023",
                "sha256:da5db4e883f1ce37f55c667e5c0de439df76ac4cb55964655906306918e7363c",
                "sha256:e7022a66d9b55e93e1a845d8c9eba2a1bebd4966cd8bfc25d9cd07d515b33fa6",
                "sha256:ef1f279350da2c586a69d32fc8733092fd32cc8ac95139a00377841f59a3f8d8",
                "sha256:f54a64f8b0c8ff0b64d18aa76675262e1700f3995182267998c31ae974fbc382",
                "sha256:f5c7150ad32ba43a07c4479f40241756145a1f03b43480e058cfd862bf5041c7",
                "sha256:f6f824dc3bce0edab5f427efcfb1d63ee75b6fcb7282900ccaf925be84efb0fc",
                "sha256:fd8a250edc26254fe5b33be00402e6d287f562b6a5b2152dec302fa15bb3e997",
                "sha256:ffaa5c925128e29efbde7301d8ecaf35c8c60ffbcd6a1ffd3a552177c8e5e796"
            ],
            "version": "==1.15.0"
        },
        "charset-normalizer": {
            "hashes": [
                "sha256:735e240d9a8506778cd7a453d97e817e536bb1fc29f4f6961ce297b9c7a917b0",
                "sha256:83fcdeb225499d6344c8f7f34684c2981270beacc32ede2e669e94f7fa544405"
            ],
            "markers": "python_version >= '3'",
            "version": "==2.0.8"
        },
        "cryptography": {
            "hashes": [
                "sha256:2049f8b87f449fc6190350de443ee0c1dd631f2ce4fa99efad2984de81031681",
                "sha256:231c4a69b11f6af79c1495a0e5a85909686ea8db946935224b7825cfb53827ed",
                "sha256:24469d9d33217ffd0ce4582dfcf2a76671af115663a95328f63c99ec7ece61a4",
                "sha256:2deab5ec05d83ddcf9b0916319674d3dae88b0e7ee18f8962642d3cde0496568",
                "sha256:494106e9cd945c2cadfce5374fa44c94cfadf01d4566a3b13bb487d2e6c7959e",
                "sha256:4c702855cd3174666ef0d2d13dcc879090aa9c6c38f5578896407a7028f75b9f",
                "sha256:52f769ecb4ef39865719aedc67b4b7eae167bafa48dbc2a26dd36fa56460507f",
                "sha256:5c49c9e8fb26a567a2b3fa0343c89f5d325447956cc2fc7231c943b29a973712",
                "sha256:684993ff6f67000a56454b41bdc7e015429732d65a52d06385b6e9de6181c71e",
                "sha256:6fbbbb8aab4053fa018984bb0e95a16faeb051dd8cca15add2a27e267ba02b58",
                "sha256:8982c19bb90a4fa2aad3d635c6d71814e38b643649b4000a8419f8691f20ac44",
                "sha256:9511416e85e449fe1de73f7f99b21b3aa04fba4c4d335d30c486ba3756e3a2a6",
                "sha256:97199a13b772e74cdcdb03760c32109c808aff7cd49c29e9cf4b7754bb725d1d",
                "sha256:a776bae1629c8d7198396fd93ec0265f8dd2341c553dc32b976168aaf0e6a636",
                "sha256:aa94d617a4cd4cdf4af9b5af65100c036bce22280ebb15d8b5262e8273ebc6ba",
                "sha256:b17d83b3d1610e571fedac21b2eb36b816654d6f7496004d6a0d32f99d1d8120",
                "sha256:d73e3a96c38173e0aa5646c31bf8473bc3564837977dd480f5cbeacf1d7ef3a3",
                "sha256:d91bc9f535599bed58f6d2e21a2724cb0c3895bf41c6403fe881391d29096f1d",
                "sha256:ef216d13ac8d24d9cd851776662f75f8d29c9f2d05cdcc2d34a18d32463a9b0b",
                "sha256:f6a5a85beb33e57998dc605b9dbe7deaa806385fdf5c4810fb849fcd04640c81",
                "sha256:f92556f94e476c1b616e6daec5f7ddded2c082efa7cee7f31c7aeda615906ed8"
            ],
            "markers": "python_version >= '3.6'",
            "version": "==36.0.0"
        },
        "defusedxml": {
            "hashes": [
                "sha256:1bb3032db185915b62d7c6209c5a8792be6a32ab2fedacc84e01b52c51aa3e69",
                "sha256:a352e7e428770286cc899e2542b6cdaedb2b4953ff269a210103ec58f6198a61"
            ],
            "markers": "python_version >= '2.7' and python_version not in '3.0, 3.1, 3.2, 3.3, 3.4'",
            "version": "==0.7.1"
        },
        "django": {
            "hashes": [
                "sha256:51284300f1522ffcdb07ccbdf676a307c6678659e1284f0618e5a774127a6a08",
                "sha256:e22c9266da3eec7827737cde57694d7db801fedac938d252bf27377cec06ed1b"
            ],
            "index": "pypi",
            "version": "==3.2.9"
        },
        "django-ckeditor": {
            "hashes": [
                "sha256:266353b93991babb399a62a25bc0cbb945f95901693a4f07c9506edabd6a0cd0"
            ],
            "index": "pypi",
            "version": "==5.6.1"
        },
        "django-cleanup": {
            "hashes": [
                "sha256:06b5cfb5f560b6ce788c09417868c9662e2e3247aa671b50424bf25c2a10232c",
                "sha256:20d35d947240c93e7d1c2dd62ac28f32cf7e9954b9cec9fbc6da41384b9b4a3b"
            ],
            "index": "pypi",
            "version": "==1.0.1"
        },
        "django-cors-headers": {
            "hashes": [
                "sha256:a5960addecc04527ab26617e51b8ed42f0adab4594b24bb0f3c33e2bd3857c3f",
                "sha256:a785b5f446f6635810776d9f5f5d23e6a2a2f728ea982648370afaf0dfdf2627"
            ],
            "index": "pypi",
            "version": "==3.2.1"
        },
        "django-decouple": {
            "hashes": [
                "sha256:a7f4b4d1eaedde3a7d1a8e0489dae4afa96cff3eb575d569d92d9ba5f4283f90"
            ],
            "index": "pypi",
            "version": "==2.1"
        },
        "django-filter": {
            "hashes": [
                "sha256:632a251fa8f1aadb4b8cceff932bb52fe2f826dd7dfe7f3eac40e5c463d6836e",
                "sha256:f4a6737a30104c98d2e2a5fb93043f36dd7978e0c7ddc92f5998e85433ea5063"
            ],
            "index": "pypi",
            "version": "==21.1"
        },
        "django-graphql-jwt": {
            "hashes": [
                "sha256:2189f6d1a13b827d486780fa74a631a15e4f7f0235a3a87a487736b5b0dc4690",
                "sha256:468e09b8ce67324fcba21dc33b7c1ea9d234bfc10df7cbfe9c5477be0302f933"
            ],
            "index": "pypi",
            "version": "==0.3.1"
        },
        "django-graphql-social-auth": {
            "hashes": [
                "sha256:6c774184601555ab4166669d7728ca6804c9cbdcc1c910e08f269ae93bf4dc48",
                "sha256:a2441043b5e5b3560d9b800cac0dbb39e3893208f5a79bebf8b56a4ca1f12307"
            ],
            "index": "pypi",
            "version": "==0.1.4"
        },
        "django-hitcount": {
            "hashes": [
                "sha256:43e82be7ba5ca65bf638f93bfc6980b9dc38e5eaeb8d201c99917ede3aff5155",
                "sha256:db318f7e33bcdd5db4648729b0bfe48e11a5e083d8e41c3f17bae649c78205ce"
            ],
            "index": "pypi",
            "version": "==1.3.0"
        },
        "django-htmlmin": {
            "hashes": [
                "sha256:0278aeb581cfc5d6a25fe6d3b3a19e4fabe7615d7bd1fcef77ce44931dc25b7c",
                "sha256:d01d525a266dc04d439fb7dc4a3701f70fd4601cf7ba8977047b4f4e9cf70aa3"
            ],
            "index": "pypi",
            "version": "==0.10.0"
        },
        "django-js-asset": {
            "hashes": [
                "sha256:8ec12017f26eec524cab436c64ae73033368a372970af4cf42d9354fcb166bdd",
                "sha256:c163ae80d2e0b22d8fb598047cd0dcef31f81830e127cfecae278ad574167260"
            ],
            "version": "==1.2.2"
        },
        "django-photologue": {
            "hashes": [
                "sha256:2a8b19e98d6cceb1fd254561821c9815d49cc449e3e89f8812da25062b1d2ea1",
                "sha256:908b7007dcdc45321dde48bdc0be162c77321d8741e1efd626932a840b4203f4"
            ],
            "index": "pypi",
            "version": "==3.8.1"
        },
        "django-sortedm2m": {
            "hashes": [
                "sha256:136f3d4e0820b351608a7141d88ac3ba7fafcd37a9b8361ad00ffe616a790be5",
                "sha256:c67ae0757e8e60ded15a9ba04d0862fe39fba3d5b865899c2472166ff0050f2c"
            ],
            "version": "==3.1.1"
        },
        "django-versatileimagefield": {
            "hashes": [
                "sha256:624858dea21f13dfe91523e449e96815044d79edf22670e60a93a3d5a3d34405",
                "sha256:886d084a95775a452602e3f63201022850281414affb4b7d0e3d3ddfb5361978"
            ],
            "index": "pypi",
            "version": "==1.10"
        },
        "djangorestframework": {
            "hashes": [
                "sha256:6d1d59f623a5ad0509fe0d6bfe93cbdfe17b8116ebc8eda86d45f6e16e819aaf",
                "sha256:f747949a8ddac876e879190df194b925c177cdeb725a099db1460872f7c0a7f2"
            ],
            "index": "pypi",
            "version": "==3.12.4"
        },
        "exifread": {
            "hashes": [
                "sha256:3ef8725efdb66530b4b3cd1c4ba5d3f3b35a7872137d2c707f711971f8ebf809",
                "sha256:a0f74af5040168d3883bbc980efe26d06c89f026dc86ba28eb34107662d51766"
            ],
            "version": "==2.3.2"
        },
        "graphene": {
            "hashes": [
                "sha256:3d446eb1237c551052bc31155cf1a3a607053e4f58c9172b83a1b597beaa0868",
                "sha256:b9f2850e064eebfee9a3ef4a1f8aa0742848d97652173ab44c82cc8a62b9ed93"
            ],
            "version": "==2.1.9"
        },
        "graphene-django": {
            "hashes": [
                "sha256:02671d195f0c09c8649acff2a8f4ad4f297d0f7d98ea6e6cdf034b81bab92880",
                "sha256:b78c9b05bc899016b9cc5bf13faa1f37fe1faa8c5407552c6ddd1a28f46fc31a"
            ],
            "index": "pypi",
            "version": "==2.15.0"
        },
        "graphql-core": {
            "hashes": [
                "sha256:44c9bac4514e5e30c5a595fac8e3c76c1975cae14db215e8174c7fe995825bad",
                "sha256:aac46a9ac524c9855910c14c48fc5d60474def7f99fd10245e76608eba7af746"
            ],
            "version": "==2.3.2"
        },
        "graphql-relay": {
            "hashes": [
                "sha256:870b6b5304123a38a0b215a79eace021acce5a466bf40cd39fa18cb8528afabb",
                "sha256:ac514cb86db9a43014d7e73511d521137ac12cf0101b2eaa5f0a3da2e10d913d"
            ],
            "version": "==2.0.1"
        },
        "html5lib": {
            "hashes": [
                "sha256:0d78f8fde1c230e99fe37986a60526d7049ed4bf8a9fadbad5f00e22e58e041d",
                "sha256:b2e5b40261e20f354d198eae92afc10d750afb487ed5e50f9c4eaf07c184146f"
            ],
            "markers": "python_version >= '2.7' and python_version not in '3.0, 3.1, 3.2, 3.3, 3.4'",
            "version": "==1.1"
        },
        "idna": {
            "hashes": [
                "sha256:84d9dd047ffa80596e0f246e2eab0b391788b0503584e8945f2368256d2735ff",
                "sha256:9d643ff0a55b762d5cdb124b8eaa99c66322e2157b69160bc32796e824360e6d"
            ],
            "markers": "python_version >= '3'",
            "version": "==3.3"
        },
        "oauthlib": {
            "hashes": [
                "sha256:42bf6354c2ed8c6acb54d971fce6f88193d97297e18602a3a886603f9d7730cc",
                "sha256:8f0215fcc533dd8dd1bee6f4c412d4f0cd7297307d43ac61666389e3bc3198a3"
            ],
            "markers": "python_version >= '3.6'",
            "version": "==3.1.1"
        },
        "pillow": {
            "hashes": [
                "sha256:01a501be4ae05fd714d269cb9c9f145518e58e73faa3f140ddb67fae0c2607b1",
                "sha256:051de330a06c99d6f84bcf582960487835bcae3fc99365185dc2d4f65a390c0e",
                "sha256:07c35919f983c2c593498edcc126ad3a94154184899297cc9d27a6587672cbaa",
                "sha256:0ae5289948c5e0a16574750021bd8be921c27d4e3527800dc9c2c1d2abc81bf7",
                "sha256:0b1efce03619cdbf8bcc61cfae81fcda59249a469f31c6735ea59badd4a6f58a",
                "sha256:0cf0208500df8d0c3cad6383cd98a2d038b0678fd4f777a8f7e442c5faeee81d",
                "sha256:163136e09bd1d6c6c6026b0a662976e86c58b932b964f255ff384ecc8c3cefa3",
                "sha256:18e912a6ccddf28defa196bd2021fe33600cbe5da1aa2f2e2c6df15f720b73d1",
                "sha256:24ec3dea52339a610d34401d2d53d0fb3c7fd08e34b20c95d2ad3973193591f1",
                "sha256:267f8e4c0a1d7e36e97c6a604f5b03ef58e2b81c1becb4fccecddcb37e063cc7",
                "sha256:3273a28734175feebbe4d0a4cde04d4ed20f620b9b506d26f44379d3c72304e1",
                "sha256:39fbd5d62167197318a0371b2a9c699ce261b6800bb493eadde2ba30d868fe8c",
                "sha256:4132c78200372045bb348fcad8d52518c8f5cfc077b1089949381ee4a61f1c6d",
                "sha256:4baab2d2da57b0d9d544a2ce0f461374dd90ccbcf723fe46689aff906d43a964",
                "sha256:4c678e23006798fc8b6f4cef2eaad267d53ff4c1779bd1af8725cc11b72a63f3",
                "sha256:4d4bc2e6bb6861103ea4655d6b6f67af8e5336e7216e20fff3e18ffa95d7a055",
                "sha256:505738076350a337c1740a31646e1de09a164c62c07db3b996abdc0f9d2e50cf",
                "sha256:5233664eadfa342c639b9b9977190d64ad7aca4edc51a966394d7e08e7f38a9f",
                "sha256:52e2e56fc3706d8791761a157115dc8391319720ad60cc32992350fda74b6be2",
                "sha256:5337ac3280312aa065ed0a8ec1e4b6142e9f15c31baed36b5cd964745853243f",
                "sha256:5ccd97e0f01f42b7e35907272f0f8ad2c3660a482d799a0c564c7d50e83604d4",
                "sha256:5d95cb9f6cced2628f3e4de7e795e98b2659dfcc7176ab4a01a8b48c2c2f488f",
                "sha256:634209852cc06c0c1243cc74f8fdc8f7444d866221de51125f7b696d775ec5ca",
                "sha256:75d1f20bd8072eff92c5f457c266a61619a02d03ece56544195c56d41a1a0522",
                "sha256:7eda4c737637af74bac4b23aa82ea6fbb19002552be85f0b89bc27e3a762d239",
                "sha256:801ddaa69659b36abf4694fed5aa9f61d1ecf2daaa6c92541bbbbb775d97b9fe",
                "sha256:825aa6d222ce2c2b90d34a0ea31914e141a85edefc07e17342f1d2fdf121c07c",
                "sha256:87fe838f9dac0597f05f2605c0700b1926f9390c95df6af45d83141e0c514bd9",
                "sha256:9c215442ff8249d41ff58700e91ef61d74f47dfd431a50253e1a1ca9436b0697",
                "sha256:a3d90022f2202bbb14da991f26ca7a30b7e4c62bf0f8bf9825603b22d7e87494",
                "sha256:a631fd36a9823638fe700d9225f9698fb59d049c942d322d4c09544dc2115356",
                "sha256:a6523a23a205be0fe664b6b8747a5c86d55da960d9586db039eec9f5c269c0e6",
                "sha256:a756ecf9f4b9b3ed49a680a649af45a8767ad038de39e6c030919c2f443eb000",
                "sha256:ac036b6a6bac7010c58e643d78c234c2f7dc8bb7e591bd8bc3555cf4b1527c28",
                "sha256:b117287a5bdc81f1bac891187275ec7e829e961b8032c9e5ff38b70fd036c78f",
                "sha256:ba04f57d1715ca5ff74bb7f8a818bf929a204b3b3c2c2826d1e1cc3b1c13398c",
                "sha256:ba6ef2bd62671c7fb9cdb3277414e87a5cd38b86721039ada1464f7452ad30b2",
                "sha256:c8939dba1a37960a502b1a030a4465c46dd2c2bca7adf05fa3af6bea594e720e",
                "sha256:cd878195166723f30865e05d87cbaf9421614501a4bd48792c5ed28f90fd36ca",
                "sha256:cee815cc62d136e96cf76771b9d3eb58e0777ec18ea50de5cfcede8a7c429aa8",
                "sha256:d1722b7aa4b40cf93ac3c80d3edd48bf93b9208241d166a14ad8e7a20ee1d4f3",
                "sha256:d7c1c06246b05529f9984435fc4fa5a545ea26606e7f450bdbe00c153f5aeaad",
                "sha256:db418635ea20528f247203bf131b40636f77c8209a045b89fa3badb89e1fcea0",
                "sha256:e1555d4fda1db8005de72acf2ded1af660febad09b4708430091159e8ae1963e",
                "sha256:e9c8066249c040efdda84793a2a669076f92a301ceabe69202446abb4c5c5ef9",
                "sha256:e9f13711780c981d6eadd6042af40e172548c54b06266a1aabda7de192db0838",
                "sha256:f0e3288b92ca5dbb1649bd00e80ef652a72b657dc94989fa9c348253d179054b",
                "sha256:f227d7e574d050ff3996049e086e1f18c7bd2d067ef24131e50a1d3fe5831fbc",
                "sha256:f62b1aeb5c2ced8babd4fbba9c74cbef9de309f5ed106184b12d9778a3971f15",
                "sha256:f71ff657e63a9b24cac254bb8c9bd3c89c7a1b5e00ee4b3997ca1c18100dac28",
                "sha256:fc9a12aad714af36cf3ad0275a96a733526571e52710319855628f476dcb144e"
            ],
            "markers": "python_version >= '2.7' and python_version not in '3.0, 3.1, 3.2, 3.3'",
            "version": "==5.4.1"
        },
        "promise": {
            "hashes": [
                "sha256:dfd18337c523ba4b6a58801c164c1904a9d4d1b1747c7d5dbf45b693a49d93d0"
            ],
            "version": "==2.3"
        },
        "psycopg2": {
            "hashes": [
                "sha256:26322c3f114de1f60c1b0febf8fdd595c221b4f624524178f515d07350a71bd1",
                "sha256:6796ac614412ce374587147150e56d03b7845c9e031b88aacdcadc880e81bb38",
                "sha256:77b9105ef37bc005b8ffbcb1ed6d8685bb0e8ce84773738aa56421a007ec5a7a",
                "sha256:77d09a79f9739b97099d2952bbbf18eaa4eaf825362387acbb9552ec1b3fa228",
                "sha256:91c7fd0fe9e6c118e8ff5b665bc3445781d3615fa78e131d0b4f8c85e8ca9ec8",
                "sha256:a761b60da0ecaf6a9866985bcde26327883ac3cdb90535ab68b8d784f02b05ef",
                "sha256:a84da9fa891848e0270e8e04dcca073bc9046441eeb47069f5c0e36783debbea",
                "sha256:b8816c6410fa08d2a022e4e38d128bae97c1855e176a00493d6ec62ccd606d57",
                "sha256:dfc32db6ce9ecc35a131320888b547199f79822b028934bb5b332f4169393e15",
                "sha256:f65cba7924363e0d2f416041b48ff69d559548f2cb168ff972c54e09e1e64db8",
                "sha256:fd7ddab7d6afee4e21c03c648c8b667b197104713e57ec404d5b74097af21e31"
            ],
            "index": "pypi",
            "version": "==2.9.2"
        },
        "pycparser": {
            "hashes": [
                "sha256:8ee45429555515e1f6b185e78100aea234072576aa43ab53aefcae078162fca9",
                "sha256:e644fdec12f7872f86c58ff790da456218b10f863970249516d60a5eaca77206"
            ],
            "version": "==2.21"
        },
        "pyjwt": {
            "hashes": [
                "sha256:b888b4d56f06f6dcd777210c334e69c737be74755d3e5e9ee3fe67dc18a0ee41",
                "sha256:e0c4bb8d9f0af0c7f5b1ec4c5036309617d03d56932877f2f7a0beeb5318322f"
            ],
            "markers": "python_version >= '3.6'",
            "version": "==2.3.0"
        },
        "python3-openid": {
            "hashes": [
                "sha256:33fbf6928f401e0b790151ed2b5290b02545e8775f982485205a066f874aaeaf",
                "sha256:6626f771e0417486701e0b4daff762e7212e820ca5b29fcc0d05f6f8736dfa6b"
            ],
            "version": "==3.2.0"
        },
        "pytz": {
            "hashes": [
                "sha256:3672058bc3453457b622aab7a1c3bfd5ab0bdae451512f6cf25f64ed37f5b87c",
                "sha256:acad2d8b20a1af07d4e4c9d2e9285c5ed9104354062f275f3fcd88dcef4f1326"
            ],
            "version": "==2021.3"
        },
        "requests": {
            "hashes": [
                "sha256:6c1246513ecd5ecd4528a0906f910e8f0f9c6b8ec72030dc9fd154dc1a6efd24",
                "sha256:b8aa58f8cf793ffd8782d3d8cb19e66ef36f7aba4353eec859e74678b01b07a7"
            ],
            "markers": "python_version >= '2.7' and python_version not in '3.0, 3.1, 3.2, 3.3, 3.4, 3.5'",
            "version": "==2.26.0"
        },
        "requests-oauthlib": {
            "hashes": [
                "sha256:7f71572defaecd16372f9006f33c2ec8c077c3cfa6f5911a9a90202beb513f3d",
                "sha256:b4261601a71fd721a8bd6d7aa1cc1d6a8a93b4a9f5e96626f8e4d91e8beeaa6a",
                "sha256:fa6c47b933f01060936d87ae9327fead68768b69c6c9ea2109c48be30f2d4dbc"
            ],
            "version": "==1.3.0"
        },
        "rx": {
            "hashes": [
                "sha256:13a1d8d9e252625c173dc795471e614eadfe1cf40ffc684e08b8fff0d9748c23",
                "sha256:7357592bc7e881a95e0c2013b73326f704953301ab551fbc8133a6fadab84105"
            ],
            "version": "==1.6.1"
        },
        "singledispatch": {
            "hashes": [
                "sha256:bc77afa97c8a22596d6d4fc20f1b7bdd2b86edc2a65a4262bdd7cc3cc19aa989",
                "sha256:c1a4d5c1da310c3fd8fccfb8d4e1cb7df076148fd5d858a819e37fffe44f3092"
            ],
            "markers": "python_version >= '2.6'",
            "version": "==3.7.0"
        },
        "six": {
            "hashes": [
                "sha256:1e61c37477a1626458e36f7b1d82aa5c9b094fa4802892072e49de9c60c4c926",
                "sha256:8abb2f1d86890a2dfb989f9a77cfcfd3e47c2a354b01111771326f8aa26e0254"
            ],
            "markers": "python_version >= '2.7' and python_version not in '3.0, 3.1, 3.2'",
            "version": "==1.16.0"
        },
        "social-auth-app-django": {
            "hashes": [
                "sha256:25295c94375d28062f65d0b3cd4b7e304c7e2fb7bac1ec51b40650a654c352f4",
                "sha256:4e34d86709bfa51fd2938307e00f12f4e1dfef8a8ed6bfbfe9aeb4e69d57148f",
                "sha256:b7c28bef8fbd11ff357ddd885cb219cdb55565e01109c709dd28569e0bfb0dea"
            ],
            "index": "pypi",
            "version": "==2.1.0"
        },
        "social-auth-core": {
            "hashes": [
                "sha256:5ab43b3b15dce5f059db69cc3082c216574739f0edbc98629c8c6e8769c67eb4",
                "sha256:983b53167ac56e7ba4909db555602a6e7a98c97ca47183bb222eb85ba627bf2b"
            ],
            "markers": "python_version >= '3.6'",
            "version": "==4.1.0"
        },
        "soupsieve": {
            "hashes": [
                "sha256:1a3cca2617c6b38c0343ed661b1fa5de5637f257d4fe22bd9f1338010a1efefb",
                "sha256:b8d49b1cd4f037c7082a9683dfa1801aa2597fb11c3a1155b7a5b94829b4f1f9"
            ],
            "markers": "python_version >= '3.6'",
            "version": "==2.3.1"
        },
        "sqlparse": {
            "hashes": [
                "sha256:0c00730c74263a94e5a9919ade150dfc3b19c574389985446148402998287dae",
                "sha256:48719e356bb8b42991bdbb1e8b83223757b93789c00910a616a071910ca4a64d"
            ],
            "markers": "python_version >= '3.5'",
            "version": "==0.4.2"
        },
        "text-unidecode": {
            "hashes": [
                "sha256:1311f10e8b895935241623731c2ba64f4c455287888b18189350b67134a822e8",
                "sha256:bad6603bb14d279193107714b288be206cac565dfa49aa5b105294dd5c4aab93"
            ],
            "version": "==1.3"
        },
        "typing-extensions": {
            "hashes": [
                "sha256:2cdf80e4e04866a9b3689a51869016d36db0814d84b8d8a568d22781d45d27ed",
                "sha256:829704698b22e13ec9eaf959122315eabb370b0884400e9818334d8b677023d9"
            ],
            "markers": "python_version < '3.8'",
            "version": "==4.0.0"
        },
        "urllib3": {
            "hashes": [
                "sha256:4987c65554f7a2dbf30c18fd48778ef124af6fab771a377103da0585e2336ece",
                "sha256:c4fdf4019605b6e5423637e01bc9fe4daef873709a7973e195ceba0a62bbc844"
            ],
            "markers": "python_version >= '2.7' and python_version not in '3.0, 3.1, 3.2, 3.3, 3.4' and python_version < '4'",
            "version": "==1.26.7"
        },
        "webencodings": {
            "hashes": [
                "sha256:a0af1213f3c2226497a97e2b3aa01a7e4bee4f403f95be16fc9acd2947514a78",
                "sha256:b36a1c245f2d304965eb4e0a82848379241dc04b865afcc4aab16748587e1923"
            ],
            "version": "==0.5.1"
        }
    },
    "develop": {
        "factory-boy": {
            "hashes": [
                "sha256:a98d277b0c047c75eb6e4ab8508a7f81fb03d2cb21986f627913546ef7a2a55e",
                "sha256:eb02a7dd1b577ef606b75a253b9818e6f9eaf996d94449c9d5ebb124f90dc795"
            ],
            "index": "pypi",
            "version": "==3.2.1"
        },
        "faker": {
            "hashes": [
                "sha256:049185d17ff95c4311557da6b72416c18732e5977dcfd116a323b6d620db5dca",
                "sha256:7227703a3db36ed8241108547544445f45aa45db2f3f63e885cb9b5699383f0e"
            ],
            "index": "pypi",
            "version": "==9.9.0"
        },
        "flake8": {
            "hashes": [
                "sha256:479b1304f72536a55948cb40a32dce8bb0ffe3501e26eaf292c7e60eb5e0428d",
                "sha256:806e034dda44114815e23c16ef92f95c91e4c71100ff52813adf7132a6ad870d"
            ],
            "index": "pypi",
            "version": "==4.0.1"
        },
        "importlib-metadata": {
            "hashes": [
                "sha256:057e92c15bc8d9e8109738a48db0ccb31b4d9d5cfbee5a8670879a30be66304b",
                "sha256:b7e52a1f8dec14a75ea73e0891f3060099ca1d8e6a462a4dff11c3e119ea1b31"
            ],
            "markers": "python_version < '3.8'",
            "version": "==4.2.0"
        },
        "mccabe": {
            "hashes": [
                "sha256:ab8a6258860da4b6677da4bd2fe5dc2c659cff31b3ee4f7f5d64e79735b80d42",
                "sha256:dd8d182285a0fe56bace7f45b5e7d1a6ebcbf524e8f3bd87eb0f125271b8831f"
            ],
            "version": "==0.6.1"
        },
        "pycodestyle": {
            "hashes": [
                "sha256:720f8b39dde8b293825e7ff02c475f3077124006db4f440dcbc9a20b76548a20",
                "sha256:eddd5847ef438ea1c7870ca7eb78a9d47ce0cdb4851a5523949f2601d0cbbe7f"
            ],
            "markers": "python_version >= '2.7' and python_version not in '3.0, 3.1, 3.2, 3.3, 3.4'",
            "version": "==2.8.0"
        },
        "pyflakes": {
            "hashes": [
                "sha256:05a85c2872edf37a4ed30b0cce2f6093e1d0581f8c19d7393122da7e25b2b24c",
                "sha256:3bb3a3f256f4b7968c9c788781e4ff07dce46bdf12339dcda61053375426ee2e"
            ],
            "markers": "python_version >= '2.7' and python_version not in '3.0, 3.1, 3.2, 3.3'",
            "version": "==2.4.0"
        },
        "python-dateutil": {
            "hashes": [
                "sha256:0123cacc1627ae19ddf3c27a5de5bd67ee4586fbdd6440d9748f8abb483d3e86",
                "sha256:961d03dc3453ebbc59dbdea9e4e11c5651520a876d0f4db161e8674aae935da9"
            ],
            "markers": "python_version >= '2.7' and python_version not in '3.0, 3.1, 3.2'",
            "version": "==2.8.2"
        },
        "six": {
            "hashes": [
                "sha256:1e61c37477a1626458e36f7b1d82aa5c9b094fa4802892072e49de9c60c4c926",
                "sha256:8abb2f1d86890a2dfb989f9a77cfcfd3e47c2a354b01111771326f8aa26e0254"
            ],
            "markers": "python_version >= '2.7' and python_version not in '3.0, 3.1, 3.2'",
            "version": "==1.16.0"
        },
        "text-unidecode": {
            "hashes": [
                "sha256:1311f10e8b895935241623731c2ba64f4c455287888b18189350b67134a822e8",
                "sha256:bad6603bb14d279193107714b288be206cac565dfa49aa5b105294dd5c4aab93"
            ],
            "version": "==1.3"
        },
        "typing-extensions": {
            "hashes": [
                "sha256:2cdf80e4e04866a9b3689a51869016d36db0814d84b8d8a568d22781d45d27ed",
                "sha256:829704698b22e13ec9eaf959122315eabb370b0884400e9818334d8b677023d9"
            ],
            "markers": "python_version < '3.8'",
            "version": "==4.0.0"
        },
        "zipp": {
            "hashes": [
                "sha256:71c644c5369f4a6e07636f0aa966270449561fcea2e3d6747b8d23efaa9d7832",
                "sha256:9fe5ea21568a0a70e50f273397638d39b03353731e6cbbb3fd8502a33fec40bc"
            ],
            "markers": "python_version >= '3.6'",
            "version": "==3.6.0"
        }
    }
}
